// !$*UTF8*$!
{
	archiveVersion = 1;
	classes = {
	};
	objectVersion = 46;
	objects = {

/* Begin PBXBuildFile section */
		FEE7F02D1CD10DA2001E25CA /* AppDelegate.swift in Sources */ = {isa = PBXBuildFile; fileRef = FEE7F02C1CD10DA2001E25CA /* AppDelegate.swift */; };
		FEE7F0321CD10DA2001E25CA /* Main.storyboard in Resources */ = {isa = PBXBuildFile; fileRef = FEE7F0301CD10DA2001E25CA /* Main.storyboard */; };
		FEE7F0341CD10DA2001E25CA /* Assets.xcassets in Resources */ = {isa = PBXBuildFile; fileRef = FEE7F0331CD10DA2001E25CA /* Assets.xcassets */; };
		FEE7F0371CD10DA2001E25CA /* LaunchScreen.storyboard in Resources */ = {isa = PBXBuildFile; fileRef = FEE7F0351CD10DA2001E25CA /* LaunchScreen.storyboard */; };
		FEE7F03F1CD1114A001E25CA /* TapViewController.swift in Sources */ = {isa = PBXBuildFile; fileRef = FEE7F03E1CD1114A001E25CA /* TapViewController.swift */; };
		FEE7F0411CD1139D001E25CA /* TransRotateViewController.swift in Sources */ = {isa = PBXBuildFile; fileRef = FEE7F0401CD1139D001E25CA /* TransRotateViewController.swift */; };
		FEE7F0431CD115FB001E25CA /* ScaleViewController.swift in Sources */ = {isa = PBXBuildFile; fileRef = FEE7F0421CD115FB001E25CA /* ScaleViewController.swift */; };
/* End PBXBuildFile section */

/* Begin PBXFileReference section */
		FEE7F0291CD10DA2001E25CA /* Gestures.app */ = {isa = PBXFileReference; explicitFileType = wrapper.application; includeInIndex = 0; path = Gestures.app; sourceTree = BUILT_PRODUCTS_DIR; };
		FEE7F02C1CD10DA2001E25CA /* AppDelegate.swift */ = {isa = PBXFileReference; lastKnownFileType = sourcecode.swift; path = AppDelegate.swift; sourceTree = "<group>"; };
		FEE7F0311CD10DA2001E25CA /* Base */ = {isa = PBXFileReference; lastKnownFileType = file.storyboard; name = Base; path = Base.lproj/Main.storyboard; sourceTree = "<group>"; };
		FEE7F0331CD10DA2001E25CA /* Assets.xcassets */ = {isa = PBXFileReference; lastKnownFileType = folder.assetcatalog; path = Assets.xcassets; sourceTree = "<group>"; };
		FEE7F0361CD10DA2001E25CA /* Base */ = {isa = PBXFileReference; lastKnownFileType = file.storyboard; name = Base; path = Base.lproj/LaunchScreen.storyboard; sourceTree = "<group>"; };
		FEE7F0381CD10DA2001E25CA /* Info.plist */ = {isa = PBXFileReference; lastKnownFileType = text.plist.xml; path = Info.plist; sourceTree = "<group>"; };
		FEE7F03E1CD1114A001E25CA /* TapViewController.swift */ = {isa = PBXFileReference; fileEncoding = 4; lastKnownFileType = sourcecode.swift; path = TapViewController.swift; sourceTree = "<group>"; };
		FEE7F0401CD1139D001E25CA /* TransRotateViewController.swift */ = {isa = PBXFileReference; fileEncoding = 4; lastKnownFileType = sourcecode.swift; path = TransRotateViewController.swift; sourceTree = "<group>"; };
		FEE7F0421CD115FB001E25CA /* ScaleViewController.swift */ = {isa = PBXFileReference; fileEncoding = 4; lastKnownFileType = sourcecode.swift; path = ScaleViewController.swift; sourceTree = "<group>"; };
/* End PBXFileReference section */

/* Begin PBXFrameworksBuildPhase section */
		FEE7F0261CD10DA2001E25CA /* Frameworks */ = {
			isa = PBXFrameworksBuildPhase;
			buildActionMask = 2147483647;
			files = (
			);
			runOnlyForDeploymentPostprocessing = 0;
		};
/* End PBXFrameworksBuildPhase section */

/* Begin PBXGroup section */
		FEE7F0201CD10DA2001E25CA = {
			isa = PBXGroup;
			children = (
				FEE7F02B1CD10DA2001E25CA /* Gestures */,
				FEE7F02A1CD10DA2001E25CA /* Products */,
			);
			sourceTree = "<group>";
		};
		FEE7F02A1CD10DA2001E25CA /* Products */ = {
			isa = PBXGroup;
			children = (
				FEE7F0291CD10DA2001E25CA /* Gestures.app */,
			);
			name = Products;
			sourceTree = "<group>";
		};
		FEE7F02B1CD10DA2001E25CA /* Gestures */ = {
			isa = PBXGroup;
			children = (
				FEE7F02C1CD10DA2001E25CA /* AppDelegate.swift */,
				FEE7F03E1CD1114A001E25CA /* TapViewController.swift */,
				FEE7F0401CD1139D001E25CA /* TransRotateViewController.swift */,
				FEE7F0421CD115FB001E25CA /* ScaleViewController.swift */,
				FEE7F0301CD10DA2001E25CA /* Main.storyboard */,
				FEE7F0331CD10DA2001E25CA /* Assets.xcassets */,
				FEE7F0351CD10DA2001E25CA /* LaunchScreen.storyboard */,
				FEE7F0381CD10DA2001E25CA /* Info.plist */,
			);
			path = Gestures;
			sourceTree = "<group>";
		};
/* End PBXGroup section */

/* Begin PBXNativeTarget section */
		FEE7F0281CD10DA2001E25CA /* Gestures */ = {
			isa = PBXNativeTarget;
			buildConfigurationList = FEE7F03B1CD10DA2001E25CA /* Build configuration list for PBXNativeTarget "Gestures" */;
			buildPhases = (
				FEE7F0251CD10DA2001E25CA /* Sources */,
				FEE7F0261CD10DA2001E25CA /* Frameworks */,
				FEE7F0271CD10DA2001E25CA /* Resources */,
			);
			buildRules = (
			);
			dependencies = (
			);
			name = Gestures;
			productName = Gestures;
			productReference = FEE7F0291CD10DA2001E25CA /* Gestures.app */;
			productType = "com.apple.product-type.application";
		};
/* End PBXNativeTarget section */

/* Begin PBXProject section */
		FEE7F0211CD10DA2001E25CA /* Project object */ = {
			isa = PBXProject;
			attributes = {
				LastSwiftUpdateCheck = 0730;
				LastUpgradeCheck = 0730;
				ORGANIZATIONNAME = sodas;
				TargetAttributes = {
					FEE7F0281CD10DA2001E25CA = {
						CreatedOnToolsVersion = 7.3;
						DevelopmentTeam = KPFF548763;
					};
				};
			};
			buildConfigurationList = FEE7F0241CD10DA2001E25CA /* Build configuration list for PBXProject "Gestures" */;
			compatibilityVersion = "Xcode 3.2";
			developmentRegion = English;
			hasScannedForEncodings = 0;
			knownRegions = (
				en,
				Base,
			);
			mainGroup = FEE7F0201CD10DA2001E25CA;
			productRefGroup = FEE7F02A1CD10DA2001E25CA /* Products */;
			projectDirPath = "";
			projectRoot = "";
			targets = (
				FEE7F0281CD10DA2001E25CA /* Gestures */,
			);
		};
/* End PBXProject section */

/* Begin PBXResourcesBuildPhase section */
		FEE7F0271CD10DA2001E25CA /* Resources */ = {
			isa = PBXResourcesBuildPhase;
			buildActionMask = 2147483647;
			files = (
				FEE7F0371CD10DA2001E25CA /* LaunchScreen.storyboard in Resources */,
				FEE7F0341CD10DA2001E25CA /* Assets.xcassets in Resources */,
				FEE7F0321CD10DA2001E25CA /* Main.storyboard in Resources */,
			);
			runOnlyForDeploymentPostprocessing = 0;
		};
/* End PBXResourcesBuildPhase section */

/* Begin PBXSourcesBuildPhase section */
		FEE7F0251CD10DA2001E25CA /* Sources */ = {
			isa = PBXSourcesBuildPhase;
			buildActionMask = 2147483647;
			files = (
				FEE7F03F1CD1114A001E25CA /* TapViewController.swift in Sources */,
				FEE7F0411CD1139D001E25CA /* TransRotateViewController.swift in Sources */,
				FEE7F02D1CD10DA2001E25CA /* AppDelegate.swift in Sources */,
				FEE7F0431CD115FB001E25CA /* ScaleViewController.swift in Sources */,
			);
			runOnlyForDeploymentPostprocessing = 0;
		};
/* End PBXSourcesBuildPhase section */

/* Begin PBXVariantGroup section */
		FEE7F0301CD10DA2001E25CA /* Main.storyboard */ = {
			isa = PBXVariantGroup;
			children = (
				FEE7F0311CD10DA2001E25CA /* Base */,
			);
			name = Main.storyboard;
			sourceTree = "<group>";
		};
		FEE7F0351CD10DA2001E25CA /* LaunchScreen.storyboard */ = {
			isa = PBXVariantGroup;
			children = (
				FEE7F0361CD10DA2001E25CA /* Base */,
			);
			name = LaunchScreen.storyboard;
			sourceTree = "<group>";
		};
/* End PBXVariantGroup section */

/* Begin XCBuildConfiguration section */
		FEE7F0391CD10DA2001E25CA /* Debug */ = {
			isa = XCBuildConfiguration;
			buildSettings = {
				ALWAYS_SEARCH_USER_PATHS = NO;
				CLANG_ANALYZER_NONNULL = YES;
				CLANG_CXX_LANGUAGE_STANDARD = "gnu++0x";
				CLANG_CXX_LIBRARY = "libc++";
				CLANG_ENABLE_MODULES = YES;
				CLANG_ENABLE_OBJC_ARC = YES;
				CLANG_WARN_BOOL_CONVERSION = YES;
				CLANG_WARN_CONSTANT_CONVERSION = YES;
				CLANG_WARN_DIRECT_OBJC_ISA_USAGE = YES_ERROR;
				CLANG_WARN_EMPTY_BODY = YES;
				CLANG_WARN_ENUM_CONVERSION = YES;
				CLANG_WARN_INT_CONVERSION = YES;
				CLANG_WARN_OBJC_ROOT_CLASS = YES_ERROR;
				CLANG_WARN_UNREACHABLE_CODE = YES;
				CLANG_WARN__DUPLICATE_METHOD_MATCH = YES;
				"CODE_SIGN_IDENTITY[sdk=iphoneos*]" = "iPhone Developer";
				COPY_PHASE_STRIP = NO;
				DEBUG_INFORMATION_FORMAT = dwarf;
				ENABLE_STRICT_OBJC_MSGSEND = YES;
				ENABLE_TESTABILITY = YES;
				GCC_C_LANGUAGE_STANDARD = gnu99;
				GCC_DYNAMIC_NO_PIC = NO;
				GCC_NO_COMMON_BLOCKS = YES;
				GCC_OPTIMIZATION_LEVEL = 0;
				GCC_PREPROCESSOR_DEFINITIONS = (
					"DEBUG=1",
					"$(inherited)",
				);
				GCC_WARN_64_TO_32_BIT_CONVERSION = YES;
				GCC_WARN_ABOUT_RETURN_TYPE = YES_ERROR;
				GCC_WARN_UNDECLARED_SELECTOR = YES;
				GCC_WARN_UNINITIALIZED_AUTOS = YES_AGGRESSIVE;
				GCC_WARN_UNUSED_FUNCTION = YES;
				GCC_WARN_UNUSED_VARIABLE = YES;
				IPHONEOS_DEPLOYMENT_TARGET = 9.3;
				MTL_ENABLE_DEBUG_INFO = YES;
				ONLY_ACTIVE_ARCH = YES;
				SDKROOT = iphoneos;
				SWIFT_OPTIMIZATION_LEVEL = "-Onone";
				TARGETED_DEVICE_FAMILY = "1,2";
			};
			name = Debug;
		};
		FEE7F03A1CD10DA2001E25CA /* Release */ = {
			isa = XCBuildConfiguration;
			buildSettings = {
				ALWAYS_SEARCH_USER_PATHS = NO;
				CLANG_ANALYZER_NONNULL = YES;
				CLANG_CXX_LANGUAGE_STANDARD = "gnu++0x";
				CLANG_CXX_LIBRARY = "libc++";
				CLANG_ENABLE_MODULES = YES;
				CLANG_ENABLE_OBJC_ARC = YES;
				CLANG_WARN_BOOL_CONVERSION = YES;
				CLANG_WARN_CONSTANT_CONVERSION = YES;
				CLANG_WARN_DIRECT_OBJC_ISA_USAGE = YES_ERROR;
				CLANG_WARN_EMPTY_BODY = YES;
				CLANG_WARN_ENUM_CONVERSION = YES;
				CLANG_WARN_INT_CONVERSION = YES;
				CLANG_WARN_OBJC_ROOT_CLASS = YES_ERROR;
				CLANG_WARN_UNREACHABLE_CODE = YES;
				CLANG_WARN__DUPLICATE_METHOD_MATCH = YES;
				"CODE_SIGN_IDENTITY[sdk=iphoneos*]" = "iPhone Developer";
				COPY_PHASE_STRIP = NO;
				DEBUG_INFORMATION_FORMAT = "dwarf-with-dsym";
				ENABLE_NS_ASSERTIONS = NO;
				ENABLE_STRICT_OBJC_MSGSEND = YES;
				GCC_C_LANGUAGE_STANDARD = gnu99;
				GCC_NO_COMMON_BLOCKS = YES;
				GCC_WARN_64_TO_32_BIT_CONVERSION = YES;
				GCC_WARN_ABOUT_RETURN_TYPE = YES_ERROR;
				GCC_WARN_UNDECLARED_SELECTOR = YES;
				GCC_WARN_UNINITIALIZED_AUTOS = YES_AGGRESSIVE;
				GCC_WARN_UNUSED_FUNCTION = YES;
				GCC_WARN_UNUSED_VARIABLE = YES;
				IPHONEOS_DEPLOYMENT_TARGET = 9.3;
				MTL_ENABLE_DEBUG_INFO = NO;
				SDKROOT = iphoneos;
				TARGETED_DEVICE_FAMILY = "1,2";
				VALIDATE_PRODUCT = YES;
			};
			name = Release;
		};
		FEE7F03C1CD10DA2001E25CA /* Debug */ = {
			isa = XCBuildConfiguration;
			buildSettings = {
				ASSETCATALOG_COMPILER_APPICON_NAME = AppIcon;
				CODE_SIGN_IDENTITY = "iPhone Developer";
				"CODE_SIGN_IDENTITY[sdk=iphoneos*]" = "iPhone Developer";
				INFOPLIST_FILE = Gestures/Info.plist;
				LD_RUNPATH_SEARCH_PATHS = "$(inherited) @executable_path/Frameworks";
				PRODUCT_BUNDLE_IDENTIFIER = tw.sodas.Gestures;
				PRODUCT_NAME = "$(TARGET_NAME)";
				PROVISIONING_PROFILE = "";
			};
			name = Debug;
		};
		FEE7F03D1CD10DA2001E25CA /* Release */ = {
			isa = XCBuildConfiguration;
			buildSettings = {
				ASSETCATALOG_COMPILER_APPICON_NAME = AppIcon;
				CODE_SIGN_IDENTITY = "iPhone Developer";
				"CODE_SIGN_IDENTITY[sdk=iphoneos*]" = "iPhone Developer";
				INFOPLIST_FILE = Gestures/Info.plist;
				LD_RUNPATH_SEARCH_PATHS = "$(inherited) @executable_path/Frameworks";
				PRODUCT_BUNDLE_IDENTIFIER = tw.sodas.Gestures;
				PRODUCT_NAME = "$(TARGET_NAME)";
				PROVISIONING_PROFILE = "";
			};
			name = Release;
		};
/* End XCBuildConfiguration section */

/* Begin XCConfigurationList section */
		FEE7F0241CD10DA2001E25CA /* Build configuration list for PBXProject "Gestures" */ = {
			isa = XCConfigurationList;
			buildConfigurations = (
				FEE7F0391CD10DA2001E25CA /* Debug */,
				FEE7F03A1CD10DA2001E25CA /* Release */,
			);
			defaultConfigurationIsVisible = 0;
			defaultConfigurationName = Release;
		};
		FEE7F03B1CD10DA2001E25CA /* Build configuration list for PBXNativeTarget "Gestures" */ = {
			isa = XCConfigurationList;
			buildConfigurations = (
				FEE7F03C1CD10DA2001E25CA /* Debug */,
				FEE7F03D1CD10DA2001E25CA /* Release */,
			);
			defaultConfigurationIsVisible = 0;
		};
/* End XCConfigurationList section */
	};
	rootObject = FEE7F0211CD10DA2001E25CA /* Project object */;
}
